
Microsoft Visual Studio Solution File, Format Version 12.00
# Visual Studio Version 16
VisualStudioVersion = 16.0.29424.173
MinimumVisualStudioVersion = 10.0.40219.1
Project("{9A19103F-16F7-4668-BE54-9A1E7A4F7556}") = "QtiPackageConverter", "QtiPackageConverter.csproj", "{B3331540-4C05-4A67-8471-6EEDFACB7FBA}"
EndProject
Project("{2150E333-8FDC-42A3-9474-1A3956D46DE8}") = "Solution Items", "Solution Items", "{42FD3751-E51F-4C7D-8A27-252DF0DFFEF8}"
	ProjectSection(SolutionItems) = preProject
		readme.md = readme.md
	EndProjectSection
EndProject
Global
	GlobalSection(SolutionConfigurationPlatforms) = preSolution
		Debug|Any CPU = Debug|Any CPU
		Release|Any CPU = Release|Any CPU
	EndGlobalSection
	GlobalSection(ProjectConfigurationPlatforms) = postSolution
		{B3331540-4C05-4A67-8471-6EEDFACB7FBA}.Debug|Any CPU.ActiveCfg = Debug|Any CPU
		{B3331540-4C05-4A67-8471-6EEDFACB7FBA}.Debug|Any CPU.Build.0 = Debug|Any CPU
		{B3331540-4C05-4A67-8471-6EEDFACB7FBA}.Release|Any CPU.ActiveCfg = Release|Any CPU
		{B3331540-4C05-4A67-8471-6EEDFACB7FBA}.Release|Any CPU.Build.0 = Release|Any CPU
	EndGlobalSection
	GlobalSection(SolutionProperties) = preSolution
		HideSolutionNode = FALSE
	EndGlobalSection
	GlobalSection(ExtensibilityGlobals) = postSolution
		SolutionGuid = {CACA7568-6E2E-4F49-97E8-5A01804FC3AE}
	EndGlobalSection
EndGlobal
